{
  "nodes": {
    "nixpkgs": {
      "locked": {
        "lastModified": 1732937961,
        "narHash": "sha256-B5pYT+IVaqcrfOekkwKvx/iToDnuQWzc2oyDxzzBDc4=",
        "owner": "NixOS",
        "repo": "nixpkgs",
        "rev": "4703b8d2c708e13a8cab03d865f90973536dcdf5",
        "type": "github"
      },
      "original": {
        "owner": "NixOS",
        "ref": "nixpkgs-unstable",
        "repo": "nixpkgs",
        "type": "github"
      }
    },
    "root": {
      "inputs": {
        "nixpkgs": "nixpkgs"
      }
    }
  },
  "root": "root",
  "version": 7
}
